
Microsoft Visual Studio Solution File, Format Version 12.00
# Visual Studio Version 16
VisualStudioVersion = 16.0.29728.190
MinimumVisualStudioVersion = 10.0.40219.1
Project("{FAE04EC0-301F-11D3-BF4B-00C04F79EFBC}") = "TattooSizePrice", "TattooSizePrice\TattooSizePrice.csproj", "{B1A3103D-8D7A-4BED-9394-44B18FF2C259}"
EndProject
Global
	GlobalSection(SolutionConfigurationPlatforms) = preSolution
		Debug|Any CPU = Debug|Any CPU
		Release|Any CPU = Release|Any CPU
	EndGlobalSection
	GlobalSection(ProjectConfigurationPlatforms) = postSolution
		{B1A3103D-8D7A-4BED-9394-44B18FF2C259}.Debug|Any CPU.ActiveCfg = Debug|Any CPU
		{B1A3103D-8D7A-4BED-9394-44B18FF2C259}.Debug|Any CPU.Build.0 = Debug|Any CPU
		{B1A3103D-8D7A-4BED-9394-44B18FF2C259}.Release|Any CPU.ActiveCfg = Release|Any CPU
		{B1A3103D-8D7A-4BED-9394-44B18FF2C259}.Release|Any CPU.Build.0 = Release|Any CPU
	EndGlobalSection
	GlobalSection(SolutionProperties) = preSolution
		HideSolutionNode = FALSE
	EndGlobalSection
	GlobalSection(ExtensibilityGlobals) = postSolution
		SolutionGuid = {2FC79FD0-663C-4711-A9CD-4B08884F5712}
	EndGlobalSection
EndGlobal
